
Microsoft Visual Studio Solution File, Format Version 12.00
# Visual Studio Version 17
VisualStudioVersion = 17.3.32825.248
MinimumVisualStudioVersion = 10.0.40219.1
Project("{9A19103F-16F7-4668-BE54-9A1E7A4F7556}") = "CoffeeDecorator", "CoffeeDecorator.csproj", "{75AD11DE-C449-4BB3-9980-9FACB4CDB0B3}"
EndProject
Global
	GlobalSection(SolutionConfigurationPlatforms) = preSolution
		Debug|Any CPU = Debug|Any CPU
		Release|Any CPU = Release|Any CPU
	EndGlobalSection
	GlobalSection(ProjectConfigurationPlatforms) = postSolution
		{75AD11DE-C449-4BB3-9980-9FACB4CDB0B3}.Debug|Any CPU.ActiveCfg = Debug|Any CPU
		{75AD11DE-C449-4BB3-9980-9FACB4CDB0B3}.Debug|Any CPU.Build.0 = Debug|Any CPU
		{75AD11DE-C449-4BB3-9980-9FACB4CDB0B3}.Release|Any CPU.ActiveCfg = Release|Any CPU
		{75AD11DE-C449-4BB3-9980-9FACB4CDB0B3}.Release|Any CPU.Build.0 = Release|Any CPU
	EndGlobalSection
	GlobalSection(SolutionProperties) = preSolution
		HideSolutionNode = FALSE
	EndGlobalSection
	GlobalSection(ExtensibilityGlobals) = postSolution
		SolutionGuid = {95F81051-BE28-4CC1-ABA8-9A24EBAF3CC3}
	EndGlobalSection
EndGlobal
